PODS:
  - flutter_local_notifications (0.0.1):
    - FlutterMacOS
  - flutter_webrtc (1.4.0):
    - FlutterMacOS
    - WebRTC-SDK (= 144.7559.01)
  - FlutterMacOS (1.0.0)
  - fvp (0.35.2):
    - Flutter
    - FlutterMacOS
    - mdk (~> 0.35.1)
  - hollow_core (0.0.1):
    - FlutterMacOS
  - irondash_engine_context (0.0.1):
    - FlutterMacOS
  - local_notifier (0.1.0):
    - FlutterMacOS
  - mdk (0.35.1)
  - screen_retriever_macos (0.0.1):
    - FlutterMacOS
  - super_native_extensions (0.0.1):
    - FlutterMacOS
  - tray_manager (0.0.1):
    - FlutterMacOS
  - WebRTC-SDK (144.7559.01)

DEPENDENCIES:
  - flutter_local_notifications (from `Flutter/ephemeral/.symlinks/plugins/flutter_local_notifications/macos`)
  - flutter_webrtc (from `Flutter/ephemeral/.symlinks/plugins/flutter_webrtc/macos`)
  - FlutterMacOS (from `Flutter/ephemeral`)
  - fvp (from `Flutter/ephemeral/.symlinks/plugins/fvp/darwin`)
  - hollow_core (from `Flutter/ephemeral/.symlinks/plugins/hollow_core/macos`)
  - irondash_engine_context (from `Flutter/ephemeral/.symlinks/plugins/irondash_engine_context/macos`)
  - local_notifier (from `Flutter/ephemeral/.symlinks/plugins/local_notifier/macos`)
  - screen_retriever_macos (from `Flutter/ephemeral/.symlinks/plugins/screen_retriever_macos/macos`)
  - super_native_extensions (from `Flutter/ephemeral/.symlinks/plugins/super_native_extensions/macos`)
  - tray_manager (from `Flutter/ephemeral/.symlinks/plugins/tray_manager/macos`)

SPEC REPOS:
  trunk:
    - mdk
    - WebRTC-SDK

EXTERNAL SOURCES:
  flutter_local_notifications:
    :path: Flutter/ephemeral/.symlinks/plugins/flutter_local_notifications/macos
  flutter_webrtc:
    :path: Flutter/ephemeral/.symlinks/plugins/flutter_webrtc/macos
  FlutterMacOS:
    :path: Flutter/ephemeral
  fvp:
    :path: Flutter/ephemeral/.symlinks/plugins/fvp/darwin
  hollow_core:
    :path: Flutter/ephemeral/.symlinks/plugins/hollow_core/macos
  irondash_engine_context:
    :path: Flutter/ephemeral/.symlinks/plugins/irondash_engine_context/macos
  local_notifier:
    :path: Flutter/ephemeral/.symlinks/plugins/local_notifier/macos
  screen_retriever_macos:
    :path: Flutter/ephemeral/.symlinks/plugins/screen_retriever_macos/macos
  super_native_extensions:
    :path: Flutter/ephemeral/.symlinks/plugins/super_native_extensions/macos
  tray_manager:
    :path: Flutter/ephemeral/.symlinks/plugins/tray_manager/macos

SPEC CHECKSUMS:
  flutter_local_notifications: 13862b132e32eb858dea558a86d45d08daeacfe7
  flutter_webrtc: 5b30a66b74f8bf29764cd62517e0598e903e279f
  FlutterMacOS: d0db08ddef1a9af05a5ec4b724367152bb0500b1
  fvp: 4fe77c2b30122233a57f425dafd219ed35565809
  hollow_core: 3512029a5e809ae072289353ed5ec699dcc54d6a
  irondash_engine_context: 893c7d96d20ce361d7e996f39d360c4c2f9869ba
  local_notifier: ebf072651e35ae5e47280ad52e2707375cb2ae4e
  mdk: 59bbe9e2ac2a052455ab1b076c245680d66cf6c0
  screen_retriever_macos: 452e51764a9e1cdb74b3c541238795849f21557f
  super_native_extensions: c2795d6d9aedf4a79fae25cb6160b71b50549189
  tray_manager: a104b5c81b578d83f3c3d0f40a997c8b10810166
  WebRTC-SDK: ab9b5319e458c2bfebdc92b3600740da35d5630d

PODFILE CHECKSUM: 1d593e10997511ead9744d7facbd4de87509a5f0

COCOAPODS: 1.16.2
